
Microsoft Visual Studio Solution File, Format Version 12.00
# Visual Studio Version 17
VisualStudioVersion = 17.8.34322.80
MinimumVisualStudioVersion = 10.0.40219.1
Project("{FAE04EC0-301F-11D3-BF4B-00C04F79EFBC}") = "Strategico - Senza nome - WIP", "Strategico - Senza nome - WIP.csproj", "{97D27586-D16D-471E-AB60-1F2A9C91EA15}"
EndProject
Global
	GlobalSection(SolutionConfigurationPlatforms) = preSolution
		Debug|Any CPU = Debug|Any CPU
		Release|Any CPU = Release|Any CPU
	EndGlobalSection
	GlobalSection(ProjectConfigurationPlatforms) = postSolution
		{97D27586-D16D-471E-AB60-1F2A9C91EA15}.Debug|Any CPU.ActiveCfg = Debug|Any CPU
		{97D27586-D16D-471E-AB60-1F2A9C91EA15}.Debug|Any CPU.Build.0 = Debug|Any CPU
		{97D27586-D16D-471E-AB60-1F2A9C91EA15}.Release|Any CPU.ActiveCfg = Release|Any CPU
		{97D27586-D16D-471E-AB60-1F2A9C91EA15}.Release|Any CPU.Build.0 = Release|Any CPU
	EndGlobalSection
	GlobalSection(SolutionProperties) = preSolution
		HideSolutionNode = FALSE
	EndGlobalSection
	GlobalSection(ExtensibilityGlobals) = postSolution
		SolutionGuid = {2E71F8F6-0E38-4A0C-9DE1-72CA53FD856F}
	EndGlobalSection
EndGlobal
